
Microsoft Visual Studio Solution File, Format Version 12.00
# Visual Studio Version 16
VisualStudioVersion = 16.0.30128.74
MinimumVisualStudioVersion = 10.0.40219.1
Project("{FAE04EC0-301F-11D3-BF4B-00C04F79EFBC}") = "OSCPlugin", "OSCPlugin\OSCPlugin.csproj", "{30865DBB-7471-49A4-9700-61C364D3D909}"
EndProject
Global
	GlobalSection(SolutionConfigurationPlatforms) = preSolution
		Debug|Any CPU = Debug|Any CPU
		Release|Any CPU = Release|Any CPU
	EndGlobalSection
	GlobalSection(ProjectConfigurationPlatforms) = postSolution
		{30865DBB-7471-49A4-9700-61C364D3D909}.Debug|Any CPU.ActiveCfg = Debug|Any CPU
		{30865DBB-7471-49A4-9700-61C364D3D909}.Debug|Any CPU.Build.0 = Debug|Any CPU
		{30865DBB-7471-49A4-9700-61C364D3D909}.Release|Any CPU.ActiveCfg = Release|Any CPU
		{30865DBB-7471-49A4-9700-61C364D3D909}.Release|Any CPU.Build.0 = Release|Any CPU
	EndGlobalSection
	GlobalSection(SolutionProperties) = preSolution
		HideSolutionNode = FALSE
	EndGlobalSection
	GlobalSection(ExtensibilityGlobals) = postSolution
		SolutionGuid = {63620DD6-976A-404F-8CE0-569558285D79}
	EndGlobalSection
EndGlobal
